// !$*UTF8*$!
{
	archiveVersion = 1;
	classes = {
	};
	objectVersion = 50;
	objects = {

/* Begin PBXBuildFile section */
		C140800F2620D30900DC314B /* NewsViewModel.swift in Sources */ = {isa = PBXBuildFile; fileRef = C140800E2620D30900DC314B /* NewsViewModel.swift */; };
		C14080172620D52800DC314B /* NewsListViewModel.swift in Sources */ = {isa = PBXBuildFile; fileRef = C14080162620D52800DC314B /* NewsListViewModel.swift */; };
		C140801D2620D72F00DC314B /* HeaderView.swift in Sources */ = {isa = PBXBuildFile; fileRef = C140801C2620D72F00DC314B /* HeaderView.swift */; };
		C14080222620E24800DC314B /* ShadowImageView.swift in Sources */ = {isa = PBXBuildFile; fileRef = C14080212620E24800DC314B /* ShadowImageView.swift */; };
		C14080272620EB5600DC314B /* NewsTableViewCell.swift in Sources */ = {isa = PBXBuildFile; fileRef = C14080262620EB5600DC314B /* NewsTableViewCell.swift */; };
		C150717E26234361009ECAB0 /* LoginStackView.swift in Sources */ = {isa = PBXBuildFile; fileRef = C150717D26234361009ECAB0 /* LoginStackView.swift */; };
		C150718F26234D5B009ECAB0 /* Storyboard.storyboard in Resources */ = {isa = PBXBuildFile; fileRef = C150718E26234D5B009ECAB0 /* Storyboard.storyboard */; };
		C15071972623721E009ECAB0 /* LoginImageView.swift in Sources */ = {isa = PBXBuildFile; fileRef = C15071962623721E009ECAB0 /* LoginImageView.swift */; };
		C171B4DC261F99E6004DC068 /* AppDelegate.swift in Sources */ = {isa = PBXBuildFile; fileRef = C171B4DB261F99E6004DC068 /* AppDelegate.swift */; };
		C171B4DE261F99E6004DC068 /* SceneDelegate.swift in Sources */ = {isa = PBXBuildFile; fileRef = C171B4DD261F99E6004DC068 /* SceneDelegate.swift */; };
		C171B4E0261F99E6004DC068 /* ViewController.swift in Sources */ = {isa = PBXBuildFile; fileRef = C171B4DF261F99E6004DC068 /* ViewController.swift */; };
		C171B4E6261F99E6004DC068 /* MesaNews.xcdatamodeld in Sources */ = {isa = PBXBuildFile; fileRef = C171B4E4261F99E6004DC068 /* MesaNews.xcdatamodeld */; };
		C171B4E8261F99EC004DC068 /* Assets.xcassets in Resources */ = {isa = PBXBuildFile; fileRef = C171B4E7261F99EC004DC068 /* Assets.xcassets */; };
		C171B4F6261F99ED004DC068 /* MesaNewsTests.swift in Sources */ = {isa = PBXBuildFile; fileRef = C171B4F5261F99ED004DC068 /* MesaNewsTests.swift */; };
		C171B501261F99ED004DC068 /* MesaNewsUITests.swift in Sources */ = {isa = PBXBuildFile; fileRef = C171B500261F99ED004DC068 /* MesaNewsUITests.swift */; };
		C171B51A261FA08B004DC068 /* APIKey.swift in Sources */ = {isa = PBXBuildFile; fileRef = C171B519261FA08B004DC068 /* APIKey.swift */; };
		C171B520261FAD3F004DC068 /* News.swift in Sources */ = {isa = PBXBuildFile; fileRef = C171B51F261FAD3E004DC068 /* News.swift */; };
		C171B529261FAF11004DC068 /* NetworkManager.swift in Sources */ = {isa = PBXBuildFile; fileRef = C171B528261FAF11004DC068 /* NetworkManager.swift */; };
/* End PBXBuildFile section */

/* Begin PBXContainerItemProxy section */
		C171B4F2261F99ED004DC068 /* PBXContainerItemProxy */ = {
			isa = PBXContainerItemProxy;
			containerPortal = C171B4D0261F99E6004DC068 /* Project object */;
			proxyType = 1;
			remoteGlobalIDString = C171B4D7261F99E6004DC068;
			remoteInfo = MesaNews;
		};
		C171B4FD261F99ED004DC068 /* PBXContainerItemProxy */ = {
			isa = PBXContainerItemProxy;
			containerPortal = C171B4D0261F99E6004DC068 /* Project object */;
			proxyType = 1;
			remoteGlobalIDString = C171B4D7261F99E6004DC068;
			remoteInfo = MesaNews;
		};
/* End PBXContainerItemProxy section */

/* Begin PBXFileReference section */
		C140800E2620D30900DC314B /* NewsViewModel.swift */ = {isa = PBXFileReference; lastKnownFileType = sourcecode.swift; path = NewsViewModel.swift; sourceTree = "<group>"; };
		C14080162620D52800DC314B /* NewsListViewModel.swift */ = {isa = PBXFileReference; lastKnownFileType = sourcecode.swift; path = NewsListViewModel.swift; sourceTree = "<group>"; };
		C140801C2620D72F00DC314B /* HeaderView.swift */ = {isa = PBXFileReference; lastKnownFileType = sourcecode.swift; path = HeaderView.swift; sourceTree = "<group>"; };
		C14080212620E24800DC314B /* ShadowImageView.swift */ = {isa = PBXFileReference; lastKnownFileType = sourcecode.swift; path = ShadowImageView.swift; sourceTree = "<group>"; };
		C14080262620EB5600DC314B /* NewsTableViewCell.swift */ = {isa = PBXFileReference; lastKnownFileType = sourcecode.swift; path = NewsTableViewCell.swift; sourceTree = "<group>"; };
		C150717D26234361009ECAB0 /* LoginStackView.swift */ = {isa = PBXFileReference; lastKnownFileType = sourcecode.swift; path = LoginStackView.swift; sourceTree = "<group>"; };
		C150718E26234D5B009ECAB0 /* Storyboard.storyboard */ = {isa = PBXFileReference; lastKnownFileType = file.storyboard; path = Storyboard.storyboard; sourceTree = "<group>"; };
		C15071962623721E009ECAB0 /* LoginImageView.swift */ = {isa = PBXFileReference; lastKnownFileType = sourcecode.swift; path = LoginImageView.swift; sourceTree = "<group>"; };
		C171B4D8261F99E6004DC068 /* MesaNews.app */ = {isa = PBXFileReference; explicitFileType = wrapper.application; includeInIndex = 0; path = MesaNews.app; sourceTree = BUILT_PRODUCTS_DIR; };
		C171B4DB261F99E6004DC068 /* AppDelegate.swift */ = {isa = PBXFileReference; lastKnownFileType = sourcecode.swift; path = AppDelegate.swift; sourceTree = "<group>"; };
		C171B4DD261F99E6004DC068 /* SceneDelegate.swift */ = {isa = PBXFileReference; lastKnownFileType = sourcecode.swift; path = SceneDelegate.swift; sourceTree = "<group>"; };
		C171B4DF261F99E6004DC068 /* ViewController.swift */ = {isa = PBXFileReference; lastKnownFileType = sourcecode.swift; path = ViewController.swift; sourceTree = "<group>"; };
		C171B4E5261F99E6004DC068 /* MesaNews.xcdatamodel */ = {isa = PBXFileReference; lastKnownFileType = wrapper.xcdatamodel; path = MesaNews.xcdatamodel; sourceTree = "<group>"; };
		C171B4E7261F99EC004DC068 /* Assets.xcassets */ = {isa = PBXFileReference; lastKnownFileType = folder.assetcatalog; path = Assets.xcassets; sourceTree = "<group>"; };
		C171B4EC261F99EC004DC068 /* Info.plist */ = {isa = PBXFileReference; lastKnownFileType = text.plist.xml; path = Info.plist; sourceTree = "<group>"; };
		C171B4F1261F99ED004DC068 /* MesaNewsTests.xctest */ = {isa = PBXFileReference; explicitFileType = wrapper.cfbundle; includeInIndex = 0; path = MesaNewsTests.xctest; sourceTree = BUILT_PRODUCTS_DIR; };
		C171B4F5261F99ED004DC068 /* MesaNewsTests.swift */ = {isa = PBXFileReference; lastKnownFileType = sourcecode.swift; path = MesaNewsTests.swift; sourceTree = "<group>"; };
		C171B4F7261F99ED004DC068 /* Info.plist */ = {isa = PBXFileReference; lastKnownFileType = text.plist.xml; path = Info.plist; sourceTree = "<group>"; };
		C171B4FC261F99ED004DC068 /* MesaNewsUITests.xctest */ = {isa = PBXFileReference; explicitFileType = wrapper.cfbundle; includeInIndex = 0; path = MesaNewsUITests.xctest; sourceTree = BUILT_PRODUCTS_DIR; };
		C171B500261F99ED004DC068 /* MesaNewsUITests.swift */ = {isa = PBXFileReference; lastKnownFileType = sourcecode.swift; path = MesaNewsUITests.swift; sourceTree = "<group>"; };
		C171B502261F99ED004DC068 /* Info.plist */ = {isa = PBXFileReference; lastKnownFileType = text.plist.xml; path = Info.plist; sourceTree = "<group>"; };
		C171B519261FA08B004DC068 /* APIKey.swift */ = {isa = PBXFileReference; lastKnownFileType = sourcecode.swift; path = APIKey.swift; sourceTree = "<group>"; };
		C171B51F261FAD3E004DC068 /* News.swift */ = {isa = PBXFileReference; lastKnownFileType = sourcecode.swift; path = News.swift; sourceTree = "<group>"; };
		C171B528261FAF11004DC068 /* NetworkManager.swift */ = {isa = PBXFileReference; lastKnownFileType = sourcecode.swift; path = NetworkManager.swift; sourceTree = "<group>"; };
/* End PBXFileReference section */

/* Begin PBXFrameworksBuildPhase section */
		C171B4D5261F99E6004DC068 /* Frameworks */ = {
			isa = PBXFrameworksBuildPhase;
			buildActionMask = 2147483647;
			files = (
			);
			runOnlyForDeploymentPostprocessing = 0;
		};
		C171B4EE261F99ED004DC068 /* Frameworks */ = {
			isa = PBXFrameworksBuildPhase;
			buildActionMask = 2147483647;
			files = (
			);
			runOnlyForDeploymentPostprocessing = 0;
		};
		C171B4F9261F99ED004DC068 /* Frameworks */ = {
			isa = PBXFrameworksBuildPhase;
			buildActionMask = 2147483647;
			files = (
			);
			runOnlyForDeploymentPostprocessing = 0;
		};
/* End PBXFrameworksBuildPhase section */

/* Begin PBXGroup section */
		C140800D2620D2F700DC314B /* ViewModels */ = {
			isa = PBXGroup;
			children = (
				C140800E2620D30900DC314B /* NewsViewModel.swift */,
				C14080162620D52800DC314B /* NewsListViewModel.swift */,
			);
			path = ViewModels;
			sourceTree = "<group>";
		};
		C140801B2620D72100DC314B /* Views */ = {
			isa = PBXGroup;
			children = (
				C140801C2620D72F00DC314B /* HeaderView.swift */,
				C14080212620E24800DC314B /* ShadowImageView.swift */,
				C14080262620EB5600DC314B /* NewsTableViewCell.swift */,
				C150717D26234361009ECAB0 /* LoginStackView.swift */,
				C15071962623721E009ECAB0 /* LoginImageView.swift */,
			);
			path = Views;
			sourceTree = "<group>";
		};
		C171B4CF261F99E6004DC068 = {
			isa = PBXGroup;
			children = (
				C150718E26234D5B009ECAB0 /* Storyboard.storyboard */,
				C171B4DA261F99E6004DC068 /* MesaNews */,
				C171B511261F9A06004DC068 /* Tests */,
			);
			sourceTree = "<group>";
		};
		C171B4D9261F99E6004DC068 /* Products */ = {
			isa = PBXGroup;
			children = (
				C171B4D8261F99E6004DC068 /* MesaNews.app */,
				C171B4F1261F99ED004DC068 /* MesaNewsTests.xctest */,
				C171B4FC261F99ED004DC068 /* MesaNewsUITests.xctest */,
			);
			name = Products;
			path = ..;
			sourceTree = "<group>";
		};
		C171B4DA261F99E6004DC068 /* MesaNews */ = {
			isa = PBXGroup;
			children = (
				C140801B2620D72100DC314B /* Views */,
				C140800D2620D2F700DC314B /* ViewModels */,
				C171B527261FAEF4004DC068 /* Services */,
				C171B51E261FAD25004DC068 /* Models */,
				C171B518261FA069004DC068 /* Config */,
				C171B4DB261F99E6004DC068 /* AppDelegate.swift */,
				C171B4DD261F99E6004DC068 /* SceneDelegate.swift */,
				C171B4DF261F99E6004DC068 /* ViewController.swift */,
				C171B4E7261F99EC004DC068 /* Assets.xcassets */,
				C171B4EC261F99EC004DC068 /* Info.plist */,
				C171B4E4261F99E6004DC068 /* MesaNews.xcdatamodeld */,
			);
			path = MesaNews;
			sourceTree = "<group>";
		};
		C171B4F4261F99ED004DC068 /* MesaNewsTests */ = {
			isa = PBXGroup;
			children = (
				C171B4F5261F99ED004DC068 /* MesaNewsTests.swift */,
				C171B4F7261F99ED004DC068 /* Info.plist */,
			);
			path = MesaNewsTests;
			sourceTree = "<group>";
		};
		C171B4FF261F99ED004DC068 /* MesaNewsUITests */ = {
			isa = PBXGroup;
			children = (
				C171B500261F99ED004DC068 /* MesaNewsUITests.swift */,
				C171B502261F99ED004DC068 /* Info.plist */,
			);
			path = MesaNewsUITests;
			sourceTree = "<group>";
		};
		C171B511261F9A06004DC068 /* Tests */ = {
			isa = PBXGroup;
			children = (
				C171B4D9261F99E6004DC068 /* Products */,
				C171B4FF261F99ED004DC068 /* MesaNewsUITests */,
				C171B4F4261F99ED004DC068 /* MesaNewsTests */,
			);
			path = Tests;
			sourceTree = "<group>";
		};
		C171B518261FA069004DC068 /* Config */ = {
			isa = PBXGroup;
			children = (
				C171B519261FA08B004DC068 /* APIKey.swift */,
			);
			path = Config;
			sourceTree = "<group>";
		};
		C171B51E261FAD25004DC068 /* Models */ = {
			isa = PBXGroup;
			children = (
				C171B51F261FAD3E004DC068 /* News.swift */,
			);
			path = Models;
			sourceTree = "<group>";
		};
		C171B527261FAEF4004DC068 /* Services */ = {
			isa = PBXGroup;
			children = (
				C171B528261FAF11004DC068 /* NetworkManager.swift */,
			);
			path = Services;
			sourceTree = "<group>";
		};
/* End PBXGroup section */

/* Begin PBXNativeTarget section */
		C171B4D7261F99E6004DC068 /* MesaNews */ = {
			isa = PBXNativeTarget;
			buildConfigurationList = C171B505261F99ED004DC068 /* Build configuration list for PBXNativeTarget "MesaNews" */;
			buildPhases = (
				C171B4D4261F99E6004DC068 /* Sources */,
				C171B4D5261F99E6004DC068 /* Frameworks */,
				C171B4D6261F99E6004DC068 /* Resources */,
			);
			buildRules = (
			);
			dependencies = (
			);
			name = MesaNews;
			productName = MesaNews;
			productReference = C171B4D8261F99E6004DC068 /* MesaNews.app */;
			productType = "com.apple.product-type.application";
		};
		C171B4F0261F99ED004DC068 /* MesaNewsTests */ = {
			isa = PBXNativeTarget;
			buildConfigurationList = C171B508261F99ED004DC068 /* Build configuration list for PBXNativeTarget "MesaNewsTests" */;
			buildPhases = (
				C171B4ED261F99ED004DC068 /* Sources */,
				C171B4EE261F99ED004DC068 /* Frameworks */,
				C171B4EF261F99ED004DC068 /* Resources */,
			);
			buildRules = (
			);
			dependencies = (
				C171B4F3261F99ED004DC068 /* PBXTargetDependency */,
			);
			name = MesaNewsTests;
			productName = MesaNewsTests;
			productReference = C171B4F1261F99ED004DC068 /* MesaNewsTests.xctest */;
			productType = "com.apple.product-type.bundle.unit-test";
		};
		C171B4FB261F99ED004DC068 /* MesaNewsUITests */ = {
			isa = PBXNativeTarget;
			buildConfigurationList = C171B50B261F99ED004DC068 /* Build configuration list for PBXNativeTarget "MesaNewsUITests" */;
			buildPhases = (
				C171B4F8261F99ED004DC068 /* Sources */,
				C171B4F9261F99ED004DC068 /* Frameworks */,
				C171B4FA261F99ED004DC068 /* Resources */,
			);
			buildRules = (
			);
			dependencies = (
				C171B4FE261F99ED004DC068 /* PBXTargetDependency */,
			);
			name = MesaNewsUITests;
			productName = MesaNewsUITests;
			productReference = C171B4FC261F99ED004DC068 /* MesaNewsUITests.xctest */;
			productType = "com.apple.product-type.bundle.ui-testing";
		};
/* End PBXNativeTarget section */

/* Begin PBXProject section */
		C171B4D0261F99E6004DC068 /* Project object */ = {
			isa = PBXProject;
			attributes = {
				LastSwiftUpdateCheck = 1240;
				LastUpgradeCheck = 1240;
				TargetAttributes = {
					C171B4D7261F99E6004DC068 = {
						CreatedOnToolsVersion = 12.4;
					};
					C171B4F0261F99ED004DC068 = {
						CreatedOnToolsVersion = 12.4;
						TestTargetID = C171B4D7261F99E6004DC068;
					};
					C171B4FB261F99ED004DC068 = {
						CreatedOnToolsVersion = 12.4;
						TestTargetID = C171B4D7261F99E6004DC068;
					};
				};
			};
			buildConfigurationList = C171B4D3261F99E6004DC068 /* Build configuration list for PBXProject "MesaNews" */;
			compatibilityVersion = "Xcode 9.3";
			developmentRegion = en;
			hasScannedForEncodings = 0;
			knownRegions = (
				en,
				Base,
			);
			mainGroup = C171B4CF261F99E6004DC068;
			productRefGroup = C171B4D9261F99E6004DC068 /* Products */;
			projectDirPath = "";
			projectRoot = "";
			targets = (
				C171B4D7261F99E6004DC068 /* MesaNews */,
				C171B4F0261F99ED004DC068 /* MesaNewsTests */,
				C171B4FB261F99ED004DC068 /* MesaNewsUITests */,
			);
		};
/* End PBXProject section */

/* Begin PBXResourcesBuildPhase section */
		C171B4D6261F99E6004DC068 /* Resources */ = {
			isa = PBXResourcesBuildPhase;
			buildActionMask = 2147483647;
			files = (
				C171B4E8261F99EC004DC068 /* Assets.xcassets in Resources */,
				C150718F26234D5B009ECAB0 /* Storyboard.storyboard in Resources */,
			);
			runOnlyForDeploymentPostprocessing = 0;
		};
		C171B4EF261F99ED004DC068 /* Resources */ = {
			isa = PBXResourcesBuildPhase;
			buildActionMask = 2147483647;
			files = (
			);
			runOnlyForDeploymentPostprocessing = 0;
		};
		C171B4FA261F99ED004DC068 /* Resources */ = {
			isa = PBXResourcesBuildPhase;
			buildActionMask = 2147483647;
			files = (
			);
			runOnlyForDeploymentPostprocessing = 0;
		};
/* End PBXResourcesBuildPhase section */

/* Begin PBXSourcesBuildPhase section */
		C171B4D4261F99E6004DC068 /* Sources */ = {
			isa = PBXSourcesBuildPhase;
			buildActionMask = 2147483647;
			files = (
				C171B520261FAD3F004DC068 /* News.swift in Sources */,
				C14080222620E24800DC314B /* ShadowImageView.swift in Sources */,
				C14080272620EB5600DC314B /* NewsTableViewCell.swift in Sources */,
				C171B4E6261F99E6004DC068 /* MesaNews.xcdatamodeld in Sources */,
				C14080172620D52800DC314B /* NewsListViewModel.swift in Sources */,
				C171B4E0261F99E6004DC068 /* ViewController.swift in Sources */,
				C171B4DC261F99E6004DC068 /* AppDelegate.swift in Sources */,
				C140801D2620D72F00DC314B /* HeaderView.swift in Sources */,
				C171B4DE261F99E6004DC068 /* SceneDelegate.swift in Sources */,
				C15071972623721E009ECAB0 /* LoginImageView.swift in Sources */,
				C171B529261FAF11004DC068 /* NetworkManager.swift in Sources */,
				C150717E26234361009ECAB0 /* LoginStackView.swift in Sources */,
				C171B51A261FA08B004DC068 /* APIKey.swift in Sources */,
				C140800F2620D30900DC314B /* NewsViewModel.swift in Sources */,
			);
			runOnlyForDeploymentPostprocessing = 0;
		};
		C171B4ED261F99ED004DC068 /* Sources */ = {
			isa = PBXSourcesBuildPhase;
			buildActionMask = 2147483647;
			files = (
				C171B4F6261F99ED004DC068 /* MesaNewsTests.swift in Sources */,
			);
			runOnlyForDeploymentPostprocessing = 0;
		};
		C171B4F8261F99ED004DC068 /* Sources */ = {
			isa = PBXSourcesBuildPhase;
			buildActionMask = 2147483647;
			files = (
				C171B501261F99ED004DC068 /* MesaNewsUITests.swift in Sources */,
			);
			runOnlyForDeploymentPostprocessing = 0;
		};
/* End PBXSourcesBuildPhase section */

/* Begin PBXTargetDependency section */
		C171B4F3261F99ED004DC068 /* PBXTargetDependency */ = {
			isa = PBXTargetDependency;
			target = C171B4D7261F99E6004DC068 /* MesaNews */;
			targetProxy = C171B4F2261F99ED004DC068 /* PBXContainerItemProxy */;
		};
		C171B4FE261F99ED004DC068 /* PBXTargetDependency */ = {
			isa = PBXTargetDependency;
			target = C171B4D7261F99E6004DC068 /* MesaNews */;
			targetProxy = C171B4FD261F99ED004DC068 /* PBXContainerItemProxy */;
		};
/* End PBXTargetDependency section */

/* Begin XCBuildConfiguration section */
		C171B503261F99ED004DC068 /* Debug */ = {
			isa = XCBuildConfiguration;
			buildSettings = {
				ALWAYS_SEARCH_USER_PATHS = NO;
				CLANG_ANALYZER_NONNULL = YES;
				CLANG_ANALYZER_NUMBER_OBJECT_CONVERSION = YES_AGGRESSIVE;
				CLANG_CXX_LANGUAGE_STANDARD = "gnu++14";
				CLANG_CXX_LIBRARY = "libc++";
				CLANG_ENABLE_MODULES = YES;
				CLANG_ENABLE_OBJC_ARC = YES;
				CLANG_ENABLE_OBJC_WEAK = YES;
				CLANG_WARN_BLOCK_CAPTURE_AUTORELEASING = YES;
				CLANG_WARN_BOOL_CONVERSION = YES;
				CLANG_WARN_COMMA = YES;
				CLANG_WARN_CONSTANT_CONVERSION = YES;
				CLANG_WARN_DEPRECATED_OBJC_IMPLEMENTATIONS = YES;
				CLANG_WARN_DIRECT_OBJC_ISA_USAGE = YES_ERROR;
				CLANG_WARN_DOCUMENTATION_COMMENTS = YES;
				CLANG_WARN_EMPTY_BODY = YES;
				CLANG_WARN_ENUM_CONVERSION = YES;
				CLANG_WARN_INFINITE_RECURSION = YES;
				CLANG_WARN_INT_CONVERSION = YES;
				CLANG_WARN_NON_LITERAL_NULL_CONVERSION = YES;
				CLANG_WARN_OBJC_IMPLICIT_RETAIN_SELF = YES;
				CLANG_WARN_OBJC_LITERAL_CONVERSION = YES;
				CLANG_WARN_OBJC_ROOT_CLASS = YES_ERROR;
				CLANG_WARN_QUOTED_INCLUDE_IN_FRAMEWORK_HEADER = YES;
				CLANG_WARN_RANGE_LOOP_ANALYSIS = YES;
				CLANG_WARN_STRICT_PROTOTYPES = YES;
				CLANG_WARN_SUSPICIOUS_MOVE = YES;
				CLANG_WARN_UNGUARDED_AVAILABILITY = YES_AGGRESSIVE;
				CLANG_WARN_UNREACHABLE_CODE = YES;
				CLANG_WARN__DUPLICATE_METHOD_MATCH = YES;
				COPY_PHASE_STRIP = NO;
				DEBUG_INFORMATION_FORMAT = dwarf;
				ENABLE_STRICT_OBJC_MSGSEND = YES;
				ENABLE_TESTABILITY = YES;
				GCC_C_LANGUAGE_STANDARD = gnu11;
				GCC_DYNAMIC_NO_PIC = NO;
				GCC_NO_COMMON_BLOCKS = YES;
				GCC_OPTIMIZATION_LEVEL = 0;
				GCC_PREPROCESSOR_DEFINITIONS = (
					"DEBUG=1",
					"$(inherited)",
				);
				GCC_WARN_64_TO_32_BIT_CONVERSION = YES;
				GCC_WARN_ABOUT_RETURN_TYPE = YES_ERROR;
				GCC_WARN_UNDECLARED_SELECTOR = YES;
				GCC_WARN_UNINITIALIZED_AUTOS = YES_AGGRESSIVE;
				GCC_WARN_UNUSED_FUNCTION = YES;
				GCC_WARN_UNUSED_VARIABLE = YES;
				IPHONEOS_DEPLOYMENT_TARGET = 14.4;
				MTL_ENABLE_DEBUG_INFO = INCLUDE_SOURCE;
				MTL_FAST_MATH = YES;
				ONLY_ACTIVE_ARCH = YES;
				SDKROOT = iphoneos;
				SWIFT_ACTIVE_COMPILATION_CONDITIONS = DEBUG;
				SWIFT_OPTIMIZATION_LEVEL = "-Onone";
			};
			name = Debug;
		};
		C171B504261F99ED004DC068 /* Release */ = {
			isa = XCBuildConfiguration;
			buildSettings = {
				ALWAYS_SEARCH_USER_PATHS = NO;
				CLANG_ANALYZER_NONNULL = YES;
				CLANG_ANALYZER_NUMBER_OBJECT_CONVERSION = YES_AGGRESSIVE;
				CLANG_CXX_LANGUAGE_STANDARD = "gnu++14";
				CLANG_CXX_LIBRARY = "libc++";
				CLANG_ENABLE_MODULES = YES;
				CLANG_ENABLE_OBJC_ARC = YES;
				CLANG_ENABLE_OBJC_WEAK = YES;
				CLANG_WARN_BLOCK_CAPTURE_AUTORELEASING = YES;
				CLANG_WARN_BOOL_CONVERSION = YES;
				CLANG_WARN_COMMA = YES;
				CLANG_WARN_CONSTANT_CONVERSION = YES;
				CLANG_WARN_DEPRECATED_OBJC_IMPLEMENTATIONS = YES;
				CLANG_WARN_DIRECT_OBJC_ISA_USAGE = YES_ERROR;
				CLANG_WARN_DOCUMENTATION_COMMENTS = YES;
				CLANG_WARN_EMPTY_BODY = YES;
				CLANG_WARN_ENUM_CONVERSION = YES;
				CLANG_WARN_INFINITE_RECURSION = YES;
				CLANG_WARN_INT_CONVERSION = YES;
				CLANG_WARN_NON_LITERAL_NULL_CONVERSION = YES;
				CLANG_WARN_OBJC_IMPLICIT_RETAIN_SELF = YES;
				CLANG_WARN_OBJC_LITERAL_CONVERSION = YES;
				CLANG_WARN_OBJC_ROOT_CLASS = YES_ERROR;
				CLANG_WARN_QUOTED_INCLUDE_IN_FRAMEWORK_HEADER = YES;
				CLANG_WARN_RANGE_LOOP_ANALYSIS = YES;
				CLANG_WARN_STRICT_PROTOTYPES = YES;
				CLANG_WARN_SUSPICIOUS_MOVE = YES;
				CLANG_WARN_UNGUARDED_AVAILABILITY = YES_AGGRESSIVE;
				CLANG_WARN_UNREACHABLE_CODE = YES;
				CLANG_WARN__DUPLICATE_METHOD_MATCH = YES;
				COPY_PHASE_STRIP = NO;
				DEBUG_INFORMATION_FORMAT = "dwarf-with-dsym";
				ENABLE_NS_ASSERTIONS = NO;
				ENABLE_STRICT_OBJC_MSGSEND = YES;
				GCC_C_LANGUAGE_STANDARD = gnu11;
				GCC_NO_COMMON_BLOCKS = YES;
				GCC_WARN_64_TO_32_BIT_CONVERSION = YES;
				GCC_WARN_ABOUT_RETURN_TYPE = YES_ERROR;
				GCC_WARN_UNDECLARED_SELECTOR = YES;
				GCC_WARN_UNINITIALIZED_AUTOS = YES_AGGRESSIVE;
				GCC_WARN_UNUSED_FUNCTION = YES;
				GCC_WARN_UNUSED_VARIABLE = YES;
				IPHONEOS_DEPLOYMENT_TARGET = 14.4;
				MTL_ENABLE_DEBUG_INFO = NO;
				MTL_FAST_MATH = YES;
				SDKROOT = iphoneos;
				SWIFT_COMPILATION_MODE = wholemodule;
				SWIFT_OPTIMIZATION_LEVEL = "-Onone";
				VALIDATE_PRODUCT = YES;
			};
			name = Release;
		};
		C171B506261F99ED004DC068 /* Debug */ = {
			isa = XCBuildConfiguration;
			buildSettings = {
				ASSETCATALOG_COMPILER_APPICON_NAME = AppIcon;
				ASSETCATALOG_COMPILER_GLOBAL_ACCENT_COLOR_NAME = AccentColor;
				CODE_SIGN_STYLE = Automatic;
				DEVELOPMENT_TEAM = 22AHR4878D;
				INFOPLIST_FILE = MesaNews/Info.plist;
				LD_RUNPATH_SEARCH_PATHS = (
					"$(inherited)",
					"@executable_path/Frameworks",
				);
				PRODUCT_BUNDLE_IDENTIFIER = carneiro.fernando.MesaNews;
				PRODUCT_NAME = "$(TARGET_NAME)";
				SWIFT_VERSION = 5.0;
				TARGETED_DEVICE_FAMILY = "1,2";
			};
			name = Debug;
		};
		C171B507261F99ED004DC068 /* Release */ = {
			isa = XCBuildConfiguration;
			buildSettings = {
				ASSETCATALOG_COMPILER_APPICON_NAME = AppIcon;
				ASSETCATALOG_COMPILER_GLOBAL_ACCENT_COLOR_NAME = AccentColor;
				CODE_SIGN_STYLE = Automatic;
				DEVELOPMENT_TEAM = 22AHR4878D;
				INFOPLIST_FILE = MesaNews/Info.plist;
				LD_RUNPATH_SEARCH_PATHS = (
					"$(inherited)",
					"@executable_path/Frameworks",
				);
				PRODUCT_BUNDLE_IDENTIFIER = carneiro.fernando.MesaNews;
				PRODUCT_NAME = "$(TARGET_NAME)";
				SWIFT_VERSION = 5.0;
				TARGETED_DEVICE_FAMILY = "1,2";
			};
			name = Release;
		};
		C171B509261F99ED004DC068 /* Debug */ = {
			isa = XCBuildConfiguration;
			buildSettings = {
				ALWAYS_EMBED_SWIFT_STANDARD_LIBRARIES = YES;
				BUNDLE_LOADER = "$(TEST_HOST)";
				CODE_SIGN_STYLE = Automatic;
				DEVELOPMENT_TEAM = 22AHR4878D;
				INFOPLIST_FILE = MesaNewsTests/Info.plist;
				IPHONEOS_DEPLOYMENT_TARGET = 14.4;
				LD_RUNPATH_SEARCH_PATHS = (
					"$(inherited)",
					"@executable_path/Frameworks",
					"@loader_path/Frameworks",
				);
				PRODUCT_BUNDLE_IDENTIFIER = carneiro.fernando.MesaNewsTests;
				PRODUCT_NAME = "$(TARGET_NAME)";
				SWIFT_VERSION = 5.0;
				TARGETED_DEVICE_FAMILY = "1,2";
				TEST_HOST = "$(BUILT_PRODUCTS_DIR)/MesaNews.app/MesaNews";
			};
			name = Debug;
		};
		C171B50A261F99ED004DC068 /* Release */ = {
			isa = XCBuildConfiguration;
			buildSettings = {
				ALWAYS_EMBED_SWIFT_STANDARD_LIBRARIES = YES;
				BUNDLE_LOADER = "$(TEST_HOST)";
				CODE_SIGN_STYLE = Automatic;
				DEVELOPMENT_TEAM = 22AHR4878D;
				INFOPLIST_FILE = MesaNewsTests/Info.plist;
				IPHONEOS_DEPLOYMENT_TARGET = 14.4;
				LD_RUNPATH_SEARCH_PATHS = (
					"$(inherited)",
					"@executable_path/Frameworks",
					"@loader_path/Frameworks",
				);
				PRODUCT_BUNDLE_IDENTIFIER = carneiro.fernando.MesaNewsTests;
				PRODUCT_NAME = "$(TARGET_NAME)";
				SWIFT_VERSION = 5.0;
				TARGETED_DEVICE_FAMILY = "1,2";
				TEST_HOST = "$(BUILT_PRODUCTS_DIR)/MesaNews.app/MesaNews";
			};
			name = Release;
		};
		C171B50C261F99ED004DC068 /* Debug */ = {
			isa = XCBuildConfiguration;
			buildSettings = {
				ALWAYS_EMBED_SWIFT_STANDARD_LIBRARIES = YES;
				CODE_SIGN_STYLE = Automatic;
				DEVELOPMENT_TEAM = 22AHR4878D;
				INFOPLIST_FILE = MesaNewsUITests/Info.plist;
				LD_RUNPATH_SEARCH_PATHS = (
					"$(inherited)",
					"@executable_path/Frameworks",
					"@loader_path/Frameworks",
				);
				PRODUCT_BUNDLE_IDENTIFIER = carneiro.fernando.MesaNewsUITests;
				PRODUCT_NAME = "$(TARGET_NAME)";
				SWIFT_VERSION = 5.0;
				TARGETED_DEVICE_FAMILY = "1,2";
				TEST_TARGET_NAME = MesaNews;
			};
			name = Debug;
		};
		C171B50D261F99ED004DC068 /* Release */ = {
			isa = XCBuildConfiguration;
			buildSettings = {
				ALWAYS_EMBED_SWIFT_STANDARD_LIBRARIES = YES;
				CODE_SIGN_STYLE = Automatic;
				DEVELOPMENT_TEAM = 22AHR4878D;
				INFOPLIST_FILE = MesaNewsUITests/Info.plist;
				LD_RUNPATH_SEARCH_PATHS = (
					"$(inherited)",
					"@executable_path/Frameworks",
					"@loader_path/Frameworks",
				);
				PRODUCT_BUNDLE_IDENTIFIER = carneiro.fernando.MesaNewsUITests;
				PRODUCT_NAME = "$(TARGET_NAME)";
				SWIFT_VERSION = 5.0;
				TARGETED_DEVICE_FAMILY = "1,2";
				TEST_TARGET_NAME = MesaNews;
			};
			name = Release;
		};
/* End XCBuildConfiguration section */

/* Begin XCConfigurationList section */
		C171B4D3261F99E6004DC068 /* Build configuration list for PBXProject "MesaNews" */ = {
			isa = XCConfigurationList;
			buildConfigurations = (
				C171B503261F99ED004DC068 /* Debug */,
				C171B504261F99ED004DC068 /* Release */,
			);
			defaultConfigurationIsVisible = 0;
			defaultConfigurationName = Release;
		};
		C171B505261F99ED004DC068 /* Build configuration list for PBXNativeTarget "MesaNews" */ = {
			isa = XCConfigurationList;
			buildConfigurations = (
				C171B506261F99ED004DC068 /* Debug */,
				C171B507261F99ED004DC068 /* Release */,
			);
			defaultConfigurationIsVisible = 0;
			defaultConfigurationName = Release;
		};
		C171B508261F99ED004DC068 /* Build configuration list for PBXNativeTarget "MesaNewsTests" */ = {
			isa = XCConfigurationList;
			buildConfigurations = (
				C171B509261F99ED004DC068 /* Debug */,
				C171B50A261F99ED004DC068 /* Release */,
			);
			defaultConfigurationIsVisible = 0;
			defaultConfigurationName = Release;
		};
		C171B50B261F99ED004DC068 /* Build configuration list for PBXNativeTarget "MesaNewsUITests" */ = {
			isa = XCConfigurationList;
			buildConfigurations = (
				C171B50C261F99ED004DC068 /* Debug */,
				C171B50D261F99ED004DC068 /* Release */,
			);
			defaultConfigurationIsVisible = 0;
			defaultConfigurationName = Release;
		};
/* End XCConfigurationList section */

/* Begin XCVersionGroup section */
		C171B4E4261F99E6004DC068 /* MesaNews.xcdatamodeld */ = {
			isa = XCVersionGroup;
			children = (
				C171B4E5261F99E6004DC068 /* MesaNews.xcdatamodel */,
			);
			currentVersion = C171B4E5261F99E6004DC068 /* MesaNews.xcdatamodel */;
			path = MesaNews.xcdatamodeld;
			sourceTree = "<group>";
			versionGroupType = wrapper.xcdatamodel;
		};
/* End XCVersionGroup section */
	};
	rootObject = C171B4D0261F99E6004DC068 /* Project object */;
}
